
Microsoft Visual Studio Solution File, Format Version 12.00
# Visual Studio Version 16
VisualStudioVersion = 16.0.30413.136
MinimumVisualStudioVersion = 10.0.40219.1
Project("{FAE04EC0-301F-11D3-BF4B-00C04F79EFBC}") = "Auth4", "Auth4\Auth4.csproj", "{0C2CA79F-F3F3-43D0-9163-484FFEA21BC3}"
EndProject
Global
	GlobalSection(SolutionConfigurationPlatforms) = preSolution
		Debug|Any CPU = Debug|Any CPU
		Release|Any CPU = Release|Any CPU
	EndGlobalSection
	GlobalSection(ProjectConfigurationPlatforms) = postSolution
		{0C2CA79F-F3F3-43D0-9163-484FFEA21BC3}.Debug|Any CPU.ActiveCfg = Debug|Any CPU
		{0C2CA79F-F3F3-43D0-9163-484FFEA21BC3}.Debug|Any CPU.Build.0 = Debug|Any CPU
		{0C2CA79F-F3F3-43D0-9163-484FFEA21BC3}.Release|Any CPU.ActiveCfg = Release|Any CPU
		{0C2CA79F-F3F3-43D0-9163-484FFEA21BC3}.Release|Any CPU.Build.0 = Release|Any CPU
	EndGlobalSection
	GlobalSection(SolutionProperties) = preSolution
		HideSolutionNode = FALSE
	EndGlobalSection
	GlobalSection(ExtensibilityGlobals) = postSolution
		SolutionGuid = {52F1F54A-D511-4347-A6EE-44A565136561}
	EndGlobalSection
EndGlobal
